
Microsoft Visual Studio Solution File, Format Version 12.00
# Visual Studio Version 17
VisualStudioVersion = 17.3.32929.385
MinimumVisualStudioVersion = 10.0.40219.1
Project("{FAE04EC0-301F-11D3-BF4B-00C04F79EFBC}") = "UpSchool_ChainOfResponsibility", "UpSchool_ChainOfResponsibility\UpSchool_ChainOfResponsibility.csproj", "{AD4AF0DA-FCDF-44CE-9C12-8773FFF06ECE}"
EndProject
Global
	GlobalSection(SolutionConfigurationPlatforms) = preSolution
		Debug|Any CPU = Debug|Any CPU
		Release|Any CPU = Release|Any CPU
	EndGlobalSection
	GlobalSection(ProjectConfigurationPlatforms) = postSolution
		{AD4AF0DA-FCDF-44CE-9C12-8773FFF06ECE}.Debug|Any CPU.ActiveCfg = Debug|Any CPU
		{AD4AF0DA-FCDF-44CE-9C12-8773FFF06ECE}.Debug|Any CPU.Build.0 = Debug|Any CPU
		{AD4AF0DA-FCDF-44CE-9C12-8773FFF06ECE}.Release|Any CPU.ActiveCfg = Release|Any CPU
		{AD4AF0DA-FCDF-44CE-9C12-8773FFF06ECE}.Release|Any CPU.Build.0 = Release|Any CPU
	EndGlobalSection
	GlobalSection(SolutionProperties) = preSolution
		HideSolutionNode = FALSE
	EndGlobalSection
	GlobalSection(ExtensibilityGlobals) = postSolution
		SolutionGuid = {D9FA2B46-AF95-48AF-B0C7-35FFAAA511C7}
	EndGlobalSection
EndGlobal
